
Microsoft Visual Studio Solution File, Format Version 12.00
# Visual Studio Version 17
VisualStudioVersion = 17.9.34728.123
MinimumVisualStudioVersion = 10.0.40219.1
Project("{FAE04EC0-301F-11D3-BF4B-00C04F79EFBC}") = "Dynamiq.API", "Dynamiq.API\Dynamiq.API.csproj", "{D666AADB-DD1F-4C4E-B4EB-572E149C4A60}"
EndProject
Project("{FAE04EC0-301F-11D3-BF4B-00C04F79EFBC}") = "Dynamiq.API.DAL", "Dynamiq.API.DAL\Dynamiq.API.DAL.csproj", "{12311035-F740-495F-B326-703B201CCA42}"
EndProject
Global
	GlobalSection(SolutionConfigurationPlatforms) = preSolution
		Debug|Any CPU = Debug|Any CPU
		Release|Any CPU = Release|Any CPU
	EndGlobalSection
	GlobalSection(ProjectConfigurationPlatforms) = postSolution
		{D666AADB-DD1F-4C4E-B4EB-572E149C4A60}.Debug|Any CPU.ActiveCfg = Debug|Any CPU
		{D666AADB-DD1F-4C4E-B4EB-572E149C4A60}.Debug|Any CPU.Build.0 = Debug|Any CPU
		{D666AADB-DD1F-4C4E-B4EB-572E149C4A60}.Release|Any CPU.ActiveCfg = Release|Any CPU
		{D666AADB-DD1F-4C4E-B4EB-572E149C4A60}.Release|Any CPU.Build.0 = Release|Any CPU
		{12311035-F740-495F-B326-703B201CCA42}.Debug|Any CPU.ActiveCfg = Debug|Any CPU
		{12311035-F740-495F-B326-703B201CCA42}.Debug|Any CPU.Build.0 = Debug|Any CPU
		{12311035-F740-495F-B326-703B201CCA42}.Release|Any CPU.ActiveCfg = Release|Any CPU
		{12311035-F740-495F-B326-703B201CCA42}.Release|Any CPU.Build.0 = Release|Any CPU
	EndGlobalSection
	GlobalSection(SolutionProperties) = preSolution
		HideSolutionNode = FALSE
	EndGlobalSection
	GlobalSection(ExtensibilityGlobals) = postSolution
		SolutionGuid = {248FB238-9BF9-40FC-8DB3-131DED0A4CC6}
	EndGlobalSection
EndGlobal
