
Microsoft Visual Studio Solution File, Format Version 12.00
# Visual Studio Version 17
VisualStudioVersion = 17.9.34728.123
MinimumVisualStudioVersion = 10.0.40219.1
Project("{9A19103F-16F7-4668-BE54-9A1E7A4F7556}") = "Dynamiq.API", "Dynamiq.API\Dynamiq.API.csproj", "{D666AADB-DD1F-4C4E-B4EB-572E149C4A60}"
EndProject
Project("{9A19103F-16F7-4668-BE54-9A1E7A4F7556}") = "Dynamiq.Auth", "Dynamiq.Auth\Dynamiq.Auth.csproj", "{9531C969-7F9D-430C-BAA1-CF1FF4081A33}"
EndProject
Project("{9A19103F-16F7-4668-BE54-9A1E7A4F7556}") = "Dynamiq.API.DAL", "Dynamiq.API.DAL\Dynamiq.API.DAL.csproj", "{5A29F9D8-5700-42BE-99D2-2A1943BBC27F}"
EndProject
Project("{9A19103F-16F7-4668-BE54-9A1E7A4F7556}") = "Dynamiq.API.Extension", "Dynamiq.API.Extension\Dynamiq.API.Extension.csproj", "{B0574843-1A2B-4DB1-8CBC-931134513AE1}"
EndProject
Project("{9A19103F-16F7-4668-BE54-9A1E7A4F7556}") = "Dynamiq.API.Stripe", "Dynamiq.API.Payment\Dynamiq.API.Stripe.csproj", "{AB557F5F-1752-4FA0-A232-F68CCEB772DB}"
EndProject
Project("{9A19103F-16F7-4668-BE54-9A1E7A4F7556}") = "Dynamiq.API.Mapping", "Dynamiq.API.Mapping\Dynamiq.API.Mapping.csproj", "{11CF0B6C-C0CC-43D3-95F5-6C1BA50F33E0}"
EndProject
Global
	GlobalSection(SolutionConfigurationPlatforms) = preSolution
		Debug|Any CPU = Debug|Any CPU
		Release|Any CPU = Release|Any CPU
	EndGlobalSection
	GlobalSection(ProjectConfigurationPlatforms) = postSolution
		{D666AADB-DD1F-4C4E-B4EB-572E149C4A60}.Debug|Any CPU.ActiveCfg = Debug|Any CPU
		{D666AADB-DD1F-4C4E-B4EB-572E149C4A60}.Debug|Any CPU.Build.0 = Debug|Any CPU
		{D666AADB-DD1F-4C4E-B4EB-572E149C4A60}.Release|Any CPU.ActiveCfg = Release|Any CPU
		{D666AADB-DD1F-4C4E-B4EB-572E149C4A60}.Release|Any CPU.Build.0 = Release|Any CPU
		{9531C969-7F9D-430C-BAA1-CF1FF4081A33}.Debug|Any CPU.ActiveCfg = Debug|Any CPU
		{9531C969-7F9D-430C-BAA1-CF1FF4081A33}.Debug|Any CPU.Build.0 = Debug|Any CPU
		{9531C969-7F9D-430C-BAA1-CF1FF4081A33}.Release|Any CPU.ActiveCfg = Release|Any CPU
		{9531C969-7F9D-430C-BAA1-CF1FF4081A33}.Release|Any CPU.Build.0 = Release|Any CPU
		{5A29F9D8-5700-42BE-99D2-2A1943BBC27F}.Debug|Any CPU.ActiveCfg = Debug|Any CPU
		{5A29F9D8-5700-42BE-99D2-2A1943BBC27F}.Debug|Any CPU.Build.0 = Debug|Any CPU
		{5A29F9D8-5700-42BE-99D2-2A1943BBC27F}.Release|Any CPU.ActiveCfg = Release|Any CPU
		{5A29F9D8-5700-42BE-99D2-2A1943BBC27F}.Release|Any CPU.Build.0 = Release|Any CPU
		{B0574843-1A2B-4DB1-8CBC-931134513AE1}.Debug|Any CPU.ActiveCfg = Debug|Any CPU
		{B0574843-1A2B-4DB1-8CBC-931134513AE1}.Debug|Any CPU.Build.0 = Debug|Any CPU
		{B0574843-1A2B-4DB1-8CBC-931134513AE1}.Release|Any CPU.ActiveCfg = Release|Any CPU
		{B0574843-1A2B-4DB1-8CBC-931134513AE1}.Release|Any CPU.Build.0 = Release|Any CPU
		{AB557F5F-1752-4FA0-A232-F68CCEB772DB}.Debug|Any CPU.ActiveCfg = Debug|Any CPU
		{AB557F5F-1752-4FA0-A232-F68CCEB772DB}.Debug|Any CPU.Build.0 = Debug|Any CPU
		{AB557F5F-1752-4FA0-A232-F68CCEB772DB}.Release|Any CPU.ActiveCfg = Release|Any CPU
		{AB557F5F-1752-4FA0-A232-F68CCEB772DB}.Release|Any CPU.Build.0 = Release|Any CPU
		{11CF0B6C-C0CC-43D3-95F5-6C1BA50F33E0}.Debug|Any CPU.ActiveCfg = Debug|Any CPU
		{11CF0B6C-C0CC-43D3-95F5-6C1BA50F33E0}.Debug|Any CPU.Build.0 = Debug|Any CPU
		{11CF0B6C-C0CC-43D3-95F5-6C1BA50F33E0}.Release|Any CPU.ActiveCfg = Release|Any CPU
		{11CF0B6C-C0CC-43D3-95F5-6C1BA50F33E0}.Release|Any CPU.Build.0 = Release|Any CPU
	EndGlobalSection
	GlobalSection(SolutionProperties) = preSolution
		HideSolutionNode = FALSE
	EndGlobalSection
	GlobalSection(ExtensibilityGlobals) = postSolution
		SolutionGuid = {248FB238-9BF9-40FC-8DB3-131DED0A4CC6}
	EndGlobalSection
EndGlobal
